{
  "pins" : [
    {
      "identity" : "ghgungnircore",
      "kind" : "remoteSourceControl",
      "location" : "https://git.gonet.us/gnglobaldependencies/ios/ghgungnircore.git",
      "state" : {
        "branch" : "main",
        "revision" : "bd3208c774d66987a2191bd016e54b40b666c23c"
      }
    },
    {
      "identity" : "realm-core",
      "kind" : "remoteSourceControl",
      "location" : "https://github.com/realm/realm-core",
      "state" : {
        "revision" : "bf44b0faca3e5f4440e00b8d7dd42c8b254046c4",
        "version" : "12.4.0"
      }
    },
    {
      "identity" : "realm-swift",
      "kind" : "remoteSourceControl",
      "location" : "https://github.com/realm/realm-swift.git",
      "state" : {
        "branch" : "master",
        "revision" : "c7c2f5f37379250855c9232ae9a5fdcdf5fa5658"
      }
    }
  ],
  "version" : 2
}
